
Microsoft Visual Studio Solution File, Format Version 12.00
# Visual Studio Version 16
VisualStudioVersion = 16.0.29613.14
MinimumVisualStudioVersion = 10.0.40219.1
Project("{9A19103F-16F7-4668-BE54-9A1E7A4F7556}") = "PleAutomiX.Logic", "PleAutomiX.Logic\PleAutomiX.Logic.csproj", "{05259525-3813-4EAC-A6A3-BAFDD365F6F3}"
EndProject
Project("{9A19103F-16F7-4668-BE54-9A1E7A4F7556}") = "PleAutomiX.DependencyInjection", "PleAutomiX.DependencyInjection\PleAutomiX.DependencyInjection.csproj", "{E3E6B877-755C-4A8B-87F5-381D2E1275F7}"
EndProject
Project("{9A19103F-16F7-4668-BE54-9A1E7A4F7556}") = "PleAutomiX.ConsoleApp", "PleAutomiX.ConsoleApp\PleAutomiX.ConsoleApp.csproj", "{D7C674F1-E617-424A-B65A-9C319761A641}"
EndProject
Project("{9A19103F-16F7-4668-BE54-9A1E7A4F7556}") = "PleAutomiX.Bots.WebDriver", "PleAutomiX.WebDriver\PleAutomiX.Bots.WebDriver.csproj", "{CC6AEF34-C9E4-4703-B618-468EC87B6242}"
EndProject
Project("{2150E333-8FDC-42A3-9474-1A3956D46DE8}") = "Bots", "Bots", "{76FCD36F-5C9F-4EEF-9A32-6CE99EC802AE}"
EndProject
Project("{9A19103F-16F7-4668-BE54-9A1E7A4F7556}") = "PleAutomiX.Translation", "PleAutomiX.Translation\PleAutomiX.Translation.csproj", "{39A23678-B012-4009-8D5E-C13C91D5AB54}"
EndProject
Project("{2150E333-8FDC-42A3-9474-1A3956D46DE8}") = "Core", "Core", "{459DB3BE-265E-4ABB-A889-93A6A6EB5763}"
EndProject
Project("{9A19103F-16F7-4668-BE54-9A1E7A4F7556}") = "PleAutomiX.Bots.Steps", "PleAutomiX.Bots.Steps\PleAutomiX.Bots.Steps.csproj", "{DFCE06B5-2DC9-4CE3-B80F-44575741D3B1}"
EndProject
Project("{9A19103F-16F7-4668-BE54-9A1E7A4F7556}") = "PleAutomiX.Bots.Core", "PleAutomiX.Bots.Core\PleAutomiX.Bots.Core.csproj", "{772BE4AE-05B2-4F91-BBD7-ECBA7C258089}"
EndProject
Project("{FAE04EC0-301F-11D3-BF4B-00C04F79EFBC}") = "PleAutomix.DestopApp", "PleAutomix.DestopApp\PleAutomix.DestopApp.csproj", "{5C4AFA5B-3678-4942-B24E-43148D882942}"
EndProject
Project("{2150E333-8FDC-42A3-9474-1A3956D46DE8}") = "Apps", "Apps", "{095629AC-7069-471F-AB55-D6A215EF86F6}"
EndProject
Project("{2150E333-8FDC-42A3-9474-1A3956D46DE8}") = "Common", "Common", "{CCB03476-3EE9-400C-A159-CAF94E438E22}"
EndProject
Project("{FAE04EC0-301F-11D3-BF4B-00C04F79EFBC}") = "PleAutomiX.Bots.Composites", "PleAutomiX.Bots.Composites\PleAutomiX.Bots.Composites.csproj", "{5809073A-5E24-4CE4-8D27-536DFD7D8507}"
EndProject
Global
	GlobalSection(SolutionConfigurationPlatforms) = preSolution
		Debug|Any CPU = Debug|Any CPU
		Release|Any CPU = Release|Any CPU
	EndGlobalSection
	GlobalSection(ProjectConfigurationPlatforms) = postSolution
		{05259525-3813-4EAC-A6A3-BAFDD365F6F3}.Debug|Any CPU.ActiveCfg = Debug|Any CPU
		{05259525-3813-4EAC-A6A3-BAFDD365F6F3}.Debug|Any CPU.Build.0 = Debug|Any CPU
		{05259525-3813-4EAC-A6A3-BAFDD365F6F3}.Release|Any CPU.ActiveCfg = Release|Any CPU
		{05259525-3813-4EAC-A6A3-BAFDD365F6F3}.Release|Any CPU.Build.0 = Release|Any CPU
		{E3E6B877-755C-4A8B-87F5-381D2E1275F7}.Debug|Any CPU.ActiveCfg = Debug|Any CPU
		{E3E6B877-755C-4A8B-87F5-381D2E1275F7}.Debug|Any CPU.Build.0 = Debug|Any CPU
		{E3E6B877-755C-4A8B-87F5-381D2E1275F7}.Release|Any CPU.ActiveCfg = Release|Any CPU
		{E3E6B877-755C-4A8B-87F5-381D2E1275F7}.Release|Any CPU.Build.0 = Release|Any CPU
		{D7C674F1-E617-424A-B65A-9C319761A641}.Debug|Any CPU.ActiveCfg = Debug|Any CPU
		{D7C674F1-E617-424A-B65A-9C319761A641}.Debug|Any CPU.Build.0 = Debug|Any CPU
		{D7C674F1-E617-424A-B65A-9C319761A641}.Release|Any CPU.ActiveCfg = Release|Any CPU
		{D7C674F1-E617-424A-B65A-9C319761A641}.Release|Any CPU.Build.0 = Release|Any CPU
		{CC6AEF34-C9E4-4703-B618-468EC87B6242}.Debug|Any CPU.ActiveCfg = Debug|Any CPU
		{CC6AEF34-C9E4-4703-B618-468EC87B6242}.Debug|Any CPU.Build.0 = Debug|Any CPU
		{CC6AEF34-C9E4-4703-B618-468EC87B6242}.Release|Any CPU.ActiveCfg = Release|Any CPU
		{CC6AEF34-C9E4-4703-B618-468EC87B6242}.Release|Any CPU.Build.0 = Release|Any CPU
		{39A23678-B012-4009-8D5E-C13C91D5AB54}.Debug|Any CPU.ActiveCfg = Debug|Any CPU
		{39A23678-B012-4009-8D5E-C13C91D5AB54}.Debug|Any CPU.Build.0 = Debug|Any CPU
		{39A23678-B012-4009-8D5E-C13C91D5AB54}.Release|Any CPU.ActiveCfg = Release|Any CPU
		{39A23678-B012-4009-8D5E-C13C91D5AB54}.Release|Any CPU.Build.0 = Release|Any CPU
		{DFCE06B5-2DC9-4CE3-B80F-44575741D3B1}.Debug|Any CPU.ActiveCfg = Debug|Any CPU
		{DFCE06B5-2DC9-4CE3-B80F-44575741D3B1}.Debug|Any CPU.Build.0 = Debug|Any CPU
		{DFCE06B5-2DC9-4CE3-B80F-44575741D3B1}.Release|Any CPU.ActiveCfg = Release|Any CPU
		{DFCE06B5-2DC9-4CE3-B80F-44575741D3B1}.Release|Any CPU.Build.0 = Release|Any CPU
		{772BE4AE-05B2-4F91-BBD7-ECBA7C258089}.Debug|Any CPU.ActiveCfg = Debug|Any CPU
		{772BE4AE-05B2-4F91-BBD7-ECBA7C258089}.Debug|Any CPU.Build.0 = Debug|Any CPU
		{772BE4AE-05B2-4F91-BBD7-ECBA7C258089}.Release|Any CPU.ActiveCfg = Release|Any CPU
		{772BE4AE-05B2-4F91-BBD7-ECBA7C258089}.Release|Any CPU.Build.0 = Release|Any CPU
		{5C4AFA5B-3678-4942-B24E-43148D882942}.Debug|Any CPU.ActiveCfg = Debug|Any CPU
		{5C4AFA5B-3678-4942-B24E-43148D882942}.Debug|Any CPU.Build.0 = Debug|Any CPU
		{5C4AFA5B-3678-4942-B24E-43148D882942}.Release|Any CPU.ActiveCfg = Release|Any CPU
		{5C4AFA5B-3678-4942-B24E-43148D882942}.Release|Any CPU.Build.0 = Release|Any CPU
		{5809073A-5E24-4CE4-8D27-536DFD7D8507}.Debug|Any CPU.ActiveCfg = Debug|Any CPU
		{5809073A-5E24-4CE4-8D27-536DFD7D8507}.Debug|Any CPU.Build.0 = Debug|Any CPU
		{5809073A-5E24-4CE4-8D27-536DFD7D8507}.Release|Any CPU.ActiveCfg = Release|Any CPU
		{5809073A-5E24-4CE4-8D27-536DFD7D8507}.Release|Any CPU.Build.0 = Release|Any CPU
	EndGlobalSection
	GlobalSection(SolutionProperties) = preSolution
		HideSolutionNode = FALSE
	EndGlobalSection
	GlobalSection(NestedProjects) = preSolution
		{05259525-3813-4EAC-A6A3-BAFDD365F6F3} = {CCB03476-3EE9-400C-A159-CAF94E438E22}
		{E3E6B877-755C-4A8B-87F5-381D2E1275F7} = {CCB03476-3EE9-400C-A159-CAF94E438E22}
		{D7C674F1-E617-424A-B65A-9C319761A641} = {095629AC-7069-471F-AB55-D6A215EF86F6}
		{CC6AEF34-C9E4-4703-B618-468EC87B6242} = {459DB3BE-265E-4ABB-A889-93A6A6EB5763}
		{39A23678-B012-4009-8D5E-C13C91D5AB54} = {CCB03476-3EE9-400C-A159-CAF94E438E22}
		{459DB3BE-265E-4ABB-A889-93A6A6EB5763} = {76FCD36F-5C9F-4EEF-9A32-6CE99EC802AE}
		{DFCE06B5-2DC9-4CE3-B80F-44575741D3B1} = {459DB3BE-265E-4ABB-A889-93A6A6EB5763}
		{772BE4AE-05B2-4F91-BBD7-ECBA7C258089} = {459DB3BE-265E-4ABB-A889-93A6A6EB5763}
		{5C4AFA5B-3678-4942-B24E-43148D882942} = {095629AC-7069-471F-AB55-D6A215EF86F6}
		{CCB03476-3EE9-400C-A159-CAF94E438E22} = {095629AC-7069-471F-AB55-D6A215EF86F6}
		{5809073A-5E24-4CE4-8D27-536DFD7D8507} = {459DB3BE-265E-4ABB-A889-93A6A6EB5763}
	EndGlobalSection
	GlobalSection(ExtensibilityGlobals) = postSolution
		SolutionGuid = {0B7743E8-5968-4667-8E8D-6B7D905818D7}
	EndGlobalSection
EndGlobal
