
Microsoft Visual Studio Solution File, Format Version 12.00
# Visual Studio Version 16
VisualStudioVersion = 16.0.29613.14
MinimumVisualStudioVersion = 10.0.40219.1
Project("{9A19103F-16F7-4668-BE54-9A1E7A4F7556}") = "Plemiona.Core.Steps", "Plemiona.Core.Steps\Plemiona.Core.Steps.csproj", "{DFCE06B5-2DC9-4CE3-B80F-44575741D3B1}"
EndProject
Project("{9A19103F-16F7-4668-BE54-9A1E7A4F7556}") = "Plemiona.Core", "Plemiona.Core\Plemiona.Core.csproj", "{772BE4AE-05B2-4F91-BBD7-ECBA7C258089}"
EndProject
Project("{2150E333-8FDC-42A3-9474-1A3956D46DE8}") = "Apps", "Apps", "{095629AC-7069-471F-AB55-D6A215EF86F6}"
EndProject
Project("{2150E333-8FDC-42A3-9474-1A3956D46DE8}") = "Common", "Common", "{CCB03476-3EE9-400C-A159-CAF94E438E22}"
EndProject
Project("{9A19103F-16F7-4668-BE54-9A1E7A4F7556}") = "Plemiona.Core.Features", "Plemiona.Core.Features\Plemiona.Core.Features.csproj", "{5809073A-5E24-4CE4-8D27-536DFD7D8507}"
EndProject
Project("{2150E333-8FDC-42A3-9474-1A3956D46DE8}") = "Core", "Core", "{5D40D4C8-7090-49FD-9620-BF3DEC7EE116}"
EndProject
Project("{FAE04EC0-301F-11D3-BF4B-00C04F79EFBC}") = "Plemiona.DestopApp", "Plemiona.DestopApp\Plemiona.DestopApp.csproj", "{9E8FC56A-3E3F-4153-91F8-BB28112B8E11}"
EndProject
Project("{FAE04EC0-301F-11D3-BF4B-00C04F79EFBC}") = "Plemiona.DependencyInjection", "Plemiona.DependencyInjection\Plemiona.DependencyInjection.csproj", "{82EE7BCF-A6AE-450B-A785-294495485487}"
EndProject
Project("{FAE04EC0-301F-11D3-BF4B-00C04F79EFBC}") = "Plemiona.Logic", "Plemiona.Logic\Plemiona.Logic.csproj", "{BAF773C3-245C-4CBA-A850-D15EDFDC098A}"
EndProject
Project("{FAE04EC0-301F-11D3-BF4B-00C04F79EFBC}") = "Plemiona.HardwareId.Desktop", "Plemiona.HardwareId.Desktop\Plemiona.HardwareId.Desktop.csproj", "{5A14397C-5374-4485-960D-6FDE166EBFA2}"
EndProject
Global
	GlobalSection(SolutionConfigurationPlatforms) = preSolution
		Debug|Any CPU = Debug|Any CPU
		Release|Any CPU = Release|Any CPU
	EndGlobalSection
	GlobalSection(ProjectConfigurationPlatforms) = postSolution
		{DFCE06B5-2DC9-4CE3-B80F-44575741D3B1}.Debug|Any CPU.ActiveCfg = Debug|Any CPU
		{DFCE06B5-2DC9-4CE3-B80F-44575741D3B1}.Debug|Any CPU.Build.0 = Debug|Any CPU
		{DFCE06B5-2DC9-4CE3-B80F-44575741D3B1}.Release|Any CPU.ActiveCfg = Release|Any CPU
		{DFCE06B5-2DC9-4CE3-B80F-44575741D3B1}.Release|Any CPU.Build.0 = Release|Any CPU
		{772BE4AE-05B2-4F91-BBD7-ECBA7C258089}.Debug|Any CPU.ActiveCfg = Debug|Any CPU
		{772BE4AE-05B2-4F91-BBD7-ECBA7C258089}.Debug|Any CPU.Build.0 = Debug|Any CPU
		{772BE4AE-05B2-4F91-BBD7-ECBA7C258089}.Release|Any CPU.ActiveCfg = Release|Any CPU
		{772BE4AE-05B2-4F91-BBD7-ECBA7C258089}.Release|Any CPU.Build.0 = Release|Any CPU
		{5809073A-5E24-4CE4-8D27-536DFD7D8507}.Debug|Any CPU.ActiveCfg = Debug|Any CPU
		{5809073A-5E24-4CE4-8D27-536DFD7D8507}.Debug|Any CPU.Build.0 = Debug|Any CPU
		{5809073A-5E24-4CE4-8D27-536DFD7D8507}.Release|Any CPU.ActiveCfg = Release|Any CPU
		{5809073A-5E24-4CE4-8D27-536DFD7D8507}.Release|Any CPU.Build.0 = Release|Any CPU
		{9E8FC56A-3E3F-4153-91F8-BB28112B8E11}.Debug|Any CPU.ActiveCfg = Debug|Any CPU
		{9E8FC56A-3E3F-4153-91F8-BB28112B8E11}.Debug|Any CPU.Build.0 = Debug|Any CPU
		{9E8FC56A-3E3F-4153-91F8-BB28112B8E11}.Release|Any CPU.ActiveCfg = Release|Any CPU
		{9E8FC56A-3E3F-4153-91F8-BB28112B8E11}.Release|Any CPU.Build.0 = Release|Any CPU
		{82EE7BCF-A6AE-450B-A785-294495485487}.Debug|Any CPU.ActiveCfg = Debug|Any CPU
		{82EE7BCF-A6AE-450B-A785-294495485487}.Debug|Any CPU.Build.0 = Debug|Any CPU
		{82EE7BCF-A6AE-450B-A785-294495485487}.Release|Any CPU.ActiveCfg = Release|Any CPU
		{82EE7BCF-A6AE-450B-A785-294495485487}.Release|Any CPU.Build.0 = Release|Any CPU
		{BAF773C3-245C-4CBA-A850-D15EDFDC098A}.Debug|Any CPU.ActiveCfg = Debug|Any CPU
		{BAF773C3-245C-4CBA-A850-D15EDFDC098A}.Debug|Any CPU.Build.0 = Debug|Any CPU
		{BAF773C3-245C-4CBA-A850-D15EDFDC098A}.Release|Any CPU.ActiveCfg = Release|Any CPU
		{BAF773C3-245C-4CBA-A850-D15EDFDC098A}.Release|Any CPU.Build.0 = Release|Any CPU
		{5A14397C-5374-4485-960D-6FDE166EBFA2}.Debug|Any CPU.ActiveCfg = Debug|Any CPU
		{5A14397C-5374-4485-960D-6FDE166EBFA2}.Debug|Any CPU.Build.0 = Debug|Any CPU
		{5A14397C-5374-4485-960D-6FDE166EBFA2}.Release|Any CPU.ActiveCfg = Release|Any CPU
		{5A14397C-5374-4485-960D-6FDE166EBFA2}.Release|Any CPU.Build.0 = Release|Any CPU
	EndGlobalSection
	GlobalSection(SolutionProperties) = preSolution
		HideSolutionNode = FALSE
	EndGlobalSection
	GlobalSection(NestedProjects) = preSolution
		{DFCE06B5-2DC9-4CE3-B80F-44575741D3B1} = {5D40D4C8-7090-49FD-9620-BF3DEC7EE116}
		{772BE4AE-05B2-4F91-BBD7-ECBA7C258089} = {5D40D4C8-7090-49FD-9620-BF3DEC7EE116}
		{CCB03476-3EE9-400C-A159-CAF94E438E22} = {095629AC-7069-471F-AB55-D6A215EF86F6}
		{5809073A-5E24-4CE4-8D27-536DFD7D8507} = {5D40D4C8-7090-49FD-9620-BF3DEC7EE116}
		{9E8FC56A-3E3F-4153-91F8-BB28112B8E11} = {095629AC-7069-471F-AB55-D6A215EF86F6}
		{82EE7BCF-A6AE-450B-A785-294495485487} = {CCB03476-3EE9-400C-A159-CAF94E438E22}
		{BAF773C3-245C-4CBA-A850-D15EDFDC098A} = {CCB03476-3EE9-400C-A159-CAF94E438E22}
		{5A14397C-5374-4485-960D-6FDE166EBFA2} = {095629AC-7069-471F-AB55-D6A215EF86F6}
	EndGlobalSection
	GlobalSection(ExtensibilityGlobals) = postSolution
		SolutionGuid = {0B7743E8-5968-4667-8E8D-6B7D905818D7}
	EndGlobalSection
EndGlobal
